
Microsoft Visual Studio Solution File, Format Version 12.00
# Visual Studio Version 16
VisualStudioVersion = 16.0.31105.61
MinimumVisualStudioVersion = 10.0.40219.1
Project("{F2A71F9B-5D33-465A-A702-920D77279786}") = "CryptoInvest", "CryptoInvest\CryptoInvest.fsproj", "{A3D0822B-4FB7-48BC-8720-3F0F34CFBA0A}"
EndProject
Global
	GlobalSection(SolutionConfigurationPlatforms) = preSolution
		Debug|Any CPU = Debug|Any CPU
		Release|Any CPU = Release|Any CPU
	EndGlobalSection
	GlobalSection(ProjectConfigurationPlatforms) = postSolution
		{A3D0822B-4FB7-48BC-8720-3F0F34CFBA0A}.Debug|Any CPU.ActiveCfg = Debug|Any CPU
		{A3D0822B-4FB7-48BC-8720-3F0F34CFBA0A}.Debug|Any CPU.Build.0 = Debug|Any CPU
		{A3D0822B-4FB7-48BC-8720-3F0F34CFBA0A}.Release|Any CPU.ActiveCfg = Release|Any CPU
		{A3D0822B-4FB7-48BC-8720-3F0F34CFBA0A}.Release|Any CPU.Build.0 = Release|Any CPU
	EndGlobalSection
	GlobalSection(SolutionProperties) = preSolution
		HideSolutionNode = FALSE
	EndGlobalSection
	GlobalSection(ExtensibilityGlobals) = postSolution
		SolutionGuid = {961BBCD1-D2F8-4BAD-90E9-14A0D6C448D3}
	EndGlobalSection
EndGlobal
